// !$*UTF8*$!
{
	archiveVersion = 1;
	classes = {
	};
	objectVersion = 56;
	objects = {

/* Begin PBXBuildFile section */
		DDBF3E2F293A73AA0084A8F0 /* AppDelegate.swift in Sources */ = {isa = PBXBuildFile; fileRef = DDBF3E2E293A73AA0084A8F0 /* AppDelegate.swift */; };
		DDBF3E31293A73AA0084A8F0 /* SceneDelegate.swift in Sources */ = {isa = PBXBuildFile; fileRef = DDBF3E30293A73AA0084A8F0 /* SceneDelegate.swift */; };
		DDBF3E33293A73AA0084A8F0 /* ViewController.swift in Sources */ = {isa = PBXBuildFile; fileRef = DDBF3E32293A73AA0084A8F0 /* ViewController.swift */; };
		DDBF3E36293A73AA0084A8F0 /* Main.storyboard in Resources */ = {isa = PBXBuildFile; fileRef = DDBF3E34293A73AA0084A8F0 /* Main.storyboard */; };
		DDBF3E38293A73AC0084A8F0 /* Assets.xcassets in Resources */ = {isa = PBXBuildFile; fileRef = DDBF3E37293A73AC0084A8F0 /* Assets.xcassets */; };
		DDBF3E3B293A73AC0084A8F0 /* LaunchScreen.storyboard in Resources */ = {isa = PBXBuildFile; fileRef = DDBF3E39293A73AC0084A8F0 /* LaunchScreen.storyboard */; };
		DDBF3E43293A75C80084A8F0 /* Note.swift in Sources */ = {isa = PBXBuildFile; fileRef = DDBF3E42293A75C80084A8F0 /* Note.swift */; };
		DDBF3E45293A7AC50084A8F0 /* AddNoteViewController.swift in Sources */ = {isa = PBXBuildFile; fileRef = DDBF3E44293A7AC50084A8F0 /* AddNoteViewController.swift */; };
		DDBF3E47293A7C970084A8F0 /* NoteTableViewCell.swift in Sources */ = {isa = PBXBuildFile; fileRef = DDBF3E46293A7C970084A8F0 /* NoteTableViewCell.swift */; };
		DDBF3E49293AA48E0084A8F0 /* NoteViewController.swift in Sources */ = {isa = PBXBuildFile; fileRef = DDBF3E48293AA48E0084A8F0 /* NoteViewController.swift */; };
/* End PBXBuildFile section */

/* Begin PBXFileReference section */
		DDBF3E2B293A73AA0084A8F0 /* homework11.app */ = {isa = PBXFileReference; explicitFileType = wrapper.application; includeInIndex = 0; path = homework11.app; sourceTree = BUILT_PRODUCTS_DIR; };
		DDBF3E2E293A73AA0084A8F0 /* AppDelegate.swift */ = {isa = PBXFileReference; lastKnownFileType = sourcecode.swift; path = AppDelegate.swift; sourceTree = "<group>"; usesTabs = 0; };
		DDBF3E30293A73AA0084A8F0 /* SceneDelegate.swift */ = {isa = PBXFileReference; lastKnownFileType = sourcecode.swift; path = SceneDelegate.swift; sourceTree = "<group>"; };
		DDBF3E32293A73AA0084A8F0 /* ViewController.swift */ = {isa = PBXFileReference; lastKnownFileType = sourcecode.swift; path = ViewController.swift; sourceTree = "<group>"; };
		DDBF3E35293A73AA0084A8F0 /* Base */ = {isa = PBXFileReference; lastKnownFileType = file.storyboard; name = Base; path = Base.lproj/Main.storyboard; sourceTree = "<group>"; };
		DDBF3E37293A73AC0084A8F0 /* Assets.xcassets */ = {isa = PBXFileReference; lastKnownFileType = folder.assetcatalog; path = Assets.xcassets; sourceTree = "<group>"; };
		DDBF3E3A293A73AC0084A8F0 /* Base */ = {isa = PBXFileReference; lastKnownFileType = file.storyboard; name = Base; path = Base.lproj/LaunchScreen.storyboard; sourceTree = "<group>"; };
		DDBF3E3C293A73AC0084A8F0 /* Info.plist */ = {isa = PBXFileReference; lastKnownFileType = text.plist.xml; path = Info.plist; sourceTree = "<group>"; };
		DDBF3E42293A75C80084A8F0 /* Note.swift */ = {isa = PBXFileReference; lastKnownFileType = sourcecode.swift; path = Note.swift; sourceTree = "<group>"; };
		DDBF3E44293A7AC50084A8F0 /* AddNoteViewController.swift */ = {isa = PBXFileReference; lastKnownFileType = sourcecode.swift; path = AddNoteViewController.swift; sourceTree = "<group>"; };
		DDBF3E46293A7C970084A8F0 /* NoteTableViewCell.swift */ = {isa = PBXFileReference; lastKnownFileType = sourcecode.swift; path = NoteTableViewCell.swift; sourceTree = "<group>"; };
		DDBF3E48293AA48E0084A8F0 /* NoteViewController.swift */ = {isa = PBXFileReference; lastKnownFileType = sourcecode.swift; path = NoteViewController.swift; sourceTree = "<group>"; };
/* End PBXFileReference section */

/* Begin PBXFrameworksBuildPhase section */
		DDBF3E28293A73AA0084A8F0 /* Frameworks */ = {
			isa = PBXFrameworksBuildPhase;
			buildActionMask = 2147483647;
			files = (
			);
			runOnlyForDeploymentPostprocessing = 0;
		};
/* End PBXFrameworksBuildPhase section */

/* Begin PBXGroup section */
		DDBF3E22293A73AA0084A8F0 = {
			isa = PBXGroup;
			children = (
				DDBF3E2D293A73AA0084A8F0 /* homework11 */,
				DDBF3E2C293A73AA0084A8F0 /* Products */,
			);
			sourceTree = "<group>";
		};
		DDBF3E2C293A73AA0084A8F0 /* Products */ = {
			isa = PBXGroup;
			children = (
				DDBF3E2B293A73AA0084A8F0 /* homework11.app */,
			);
			name = Products;
			sourceTree = "<group>";
		};
		DDBF3E2D293A73AA0084A8F0 /* homework11 */ = {
			isa = PBXGroup;
			children = (
				DDBF3E42293A75C80084A8F0 /* Note.swift */,
				DDBF3E2E293A73AA0084A8F0 /* AppDelegate.swift */,
				DDBF3E30293A73AA0084A8F0 /* SceneDelegate.swift */,
				DDBF3E32293A73AA0084A8F0 /* ViewController.swift */,
				DDBF3E34293A73AA0084A8F0 /* Main.storyboard */,
				DDBF3E37293A73AC0084A8F0 /* Assets.xcassets */,
				DDBF3E39293A73AC0084A8F0 /* LaunchScreen.storyboard */,
				DDBF3E3C293A73AC0084A8F0 /* Info.plist */,
				DDBF3E44293A7AC50084A8F0 /* AddNoteViewController.swift */,
				DDBF3E46293A7C970084A8F0 /* NoteTableViewCell.swift */,
				DDBF3E48293AA48E0084A8F0 /* NoteViewController.swift */,
			);
			path = homework11;
			sourceTree = "<group>";
		};
/* End PBXGroup section */

/* Begin PBXNativeTarget section */
		DDBF3E2A293A73AA0084A8F0 /* homework11 */ = {
			isa = PBXNativeTarget;
			buildConfigurationList = DDBF3E3F293A73AC0084A8F0 /* Build configuration list for PBXNativeTarget "homework11" */;
			buildPhases = (
				DDBF3E27293A73AA0084A8F0 /* Sources */,
				DDBF3E28293A73AA0084A8F0 /* Frameworks */,
				DDBF3E29293A73AA0084A8F0 /* Resources */,
			);
			buildRules = (
			);
			dependencies = (
			);
			name = homework11;
			productName = homework11;
			productReference = DDBF3E2B293A73AA0084A8F0 /* homework11.app */;
			productType = "com.apple.product-type.application";
		};
/* End PBXNativeTarget section */

/* Begin PBXProject section */
		DDBF3E23293A73AA0084A8F0 /* Project object */ = {
			isa = PBXProject;
			attributes = {
				BuildIndependentTargetsInParallel = 1;
				LastSwiftUpdateCheck = 1410;
				LastUpgradeCheck = 1410;
				TargetAttributes = {
					DDBF3E2A293A73AA0084A8F0 = {
						CreatedOnToolsVersion = 14.1;
					};
				};
			};
			buildConfigurationList = DDBF3E26293A73AA0084A8F0 /* Build configuration list for PBXProject "homework11" */;
			compatibilityVersion = "Xcode 14.0";
			developmentRegion = en;
			hasScannedForEncodings = 0;
			knownRegions = (
				en,
				Base,
			);
			mainGroup = DDBF3E22293A73AA0084A8F0;
			productRefGroup = DDBF3E2C293A73AA0084A8F0 /* Products */;
			projectDirPath = "";
			projectRoot = "";
			targets = (
				DDBF3E2A293A73AA0084A8F0 /* homework11 */,
			);
		};
/* End PBXProject section */

/* Begin PBXResourcesBuildPhase section */
		DDBF3E29293A73AA0084A8F0 /* Resources */ = {
			isa = PBXResourcesBuildPhase;
			buildActionMask = 2147483647;
			files = (
				DDBF3E3B293A73AC0084A8F0 /* LaunchScreen.storyboard in Resources */,
				DDBF3E38293A73AC0084A8F0 /* Assets.xcassets in Resources */,
				DDBF3E36293A73AA0084A8F0 /* Main.storyboard in Resources */,
			);
			runOnlyForDeploymentPostprocessing = 0;
		};
/* End PBXResourcesBuildPhase section */

/* Begin PBXSourcesBuildPhase section */
		DDBF3E27293A73AA0084A8F0 /* Sources */ = {
			isa = PBXSourcesBuildPhase;
			buildActionMask = 2147483647;
			files = (
				DDBF3E33293A73AA0084A8F0 /* ViewController.swift in Sources */,
				DDBF3E2F293A73AA0084A8F0 /* AppDelegate.swift in Sources */,
				DDBF3E31293A73AA0084A8F0 /* SceneDelegate.swift in Sources */,
				DDBF3E49293AA48E0084A8F0 /* NoteViewController.swift in Sources */,
				DDBF3E45293A7AC50084A8F0 /* AddNoteViewController.swift in Sources */,
				DDBF3E43293A75C80084A8F0 /* Note.swift in Sources */,
				DDBF3E47293A7C970084A8F0 /* NoteTableViewCell.swift in Sources */,
			);
			runOnlyForDeploymentPostprocessing = 0;
		};
/* End PBXSourcesBuildPhase section */

/* Begin PBXVariantGroup section */
		DDBF3E34293A73AA0084A8F0 /* Main.storyboard */ = {
			isa = PBXVariantGroup;
			children = (
				DDBF3E35293A73AA0084A8F0 /* Base */,
			);
			name = Main.storyboard;
			sourceTree = "<group>";
		};
		DDBF3E39293A73AC0084A8F0 /* LaunchScreen.storyboard */ = {
			isa = PBXVariantGroup;
			children = (
				DDBF3E3A293A73AC0084A8F0 /* Base */,
			);
			name = LaunchScreen.storyboard;
			sourceTree = "<group>";
		};
/* End PBXVariantGroup section */

/* Begin XCBuildConfiguration section */
		DDBF3E3D293A73AC0084A8F0 /* Debug */ = {
			isa = XCBuildConfiguration;
			buildSettings = {
				ALWAYS_SEARCH_USER_PATHS = NO;
				CLANG_ANALYZER_NONNULL = YES;
				CLANG_ANALYZER_NUMBER_OBJECT_CONVERSION = YES_AGGRESSIVE;
				CLANG_CXX_LANGUAGE_STANDARD = "gnu++20";
				CLANG_ENABLE_MODULES = YES;
				CLANG_ENABLE_OBJC_ARC = YES;
				CLANG_ENABLE_OBJC_WEAK = YES;
				CLANG_WARN_BLOCK_CAPTURE_AUTORELEASING = YES;
				CLANG_WARN_BOOL_CONVERSION = YES;
				CLANG_WARN_COMMA = YES;
				CLANG_WARN_CONSTANT_CONVERSION = YES;
				CLANG_WARN_DEPRECATED_OBJC_IMPLEMENTATIONS = YES;
				CLANG_WARN_DIRECT_OBJC_ISA_USAGE = YES_ERROR;
				CLANG_WARN_DOCUMENTATION_COMMENTS = YES;
				CLANG_WARN_EMPTY_BODY = YES;
				CLANG_WARN_ENUM_CONVERSION = YES;
				CLANG_WARN_INFINITE_RECURSION = YES;
				CLANG_WARN_INT_CONVERSION = YES;
				CLANG_WARN_NON_LITERAL_NULL_CONVERSION = YES;
				CLANG_WARN_OBJC_IMPLICIT_RETAIN_SELF = YES;
				CLANG_WARN_OBJC_LITERAL_CONVERSION = YES;
				CLANG_WARN_OBJC_ROOT_CLASS = YES_ERROR;
				CLANG_WARN_QUOTED_INCLUDE_IN_FRAMEWORK_HEADER = YES;
				CLANG_WARN_RANGE_LOOP_ANALYSIS = YES;
				CLANG_WARN_STRICT_PROTOTYPES = YES;
				CLANG_WARN_SUSPICIOUS_MOVE = YES;
				CLANG_WARN_UNGUARDED_AVAILABILITY = YES_AGGRESSIVE;
				CLANG_WARN_UNREACHABLE_CODE = YES;
				CLANG_WARN__DUPLICATE_METHOD_MATCH = YES;
				COPY_PHASE_STRIP = NO;
				DEBUG_INFORMATION_FORMAT = dwarf;
				ENABLE_STRICT_OBJC_MSGSEND = YES;
				ENABLE_TESTABILITY = YES;
				GCC_C_LANGUAGE_STANDARD = gnu11;
				GCC_DYNAMIC_NO_PIC = NO;
				GCC_NO_COMMON_BLOCKS = YES;
				GCC_OPTIMIZATION_LEVEL = 0;
				GCC_PREPROCESSOR_DEFINITIONS = (
					"DEBUG=1",
					"$(inherited)",
				);
				GCC_WARN_64_TO_32_BIT_CONVERSION = YES;
				GCC_WARN_ABOUT_RETURN_TYPE = YES_ERROR;
				GCC_WARN_UNDECLARED_SELECTOR = YES;
				GCC_WARN_UNINITIALIZED_AUTOS = YES_AGGRESSIVE;
				GCC_WARN_UNUSED_FUNCTION = YES;
				GCC_WARN_UNUSED_VARIABLE = YES;
				IPHONEOS_DEPLOYMENT_TARGET = 16.1;
				MTL_ENABLE_DEBUG_INFO = INCLUDE_SOURCE;
				MTL_FAST_MATH = YES;
				ONLY_ACTIVE_ARCH = YES;
				SDKROOT = iphoneos;
				SWIFT_ACTIVE_COMPILATION_CONDITIONS = DEBUG;
				SWIFT_OPTIMIZATION_LEVEL = "-Onone";
			};
			name = Debug;
		};
		DDBF3E3E293A73AC0084A8F0 /* Release */ = {
			isa = XCBuildConfiguration;
			buildSettings = {
				ALWAYS_SEARCH_USER_PATHS = NO;
				CLANG_ANALYZER_NONNULL = YES;
				CLANG_ANALYZER_NUMBER_OBJECT_CONVERSION = YES_AGGRESSIVE;
				CLANG_CXX_LANGUAGE_STANDARD = "gnu++20";
				CLANG_ENABLE_MODULES = YES;
				CLANG_ENABLE_OBJC_ARC = YES;
				CLANG_ENABLE_OBJC_WEAK = YES;
				CLANG_WARN_BLOCK_CAPTURE_AUTORELEASING = YES;
				CLANG_WARN_BOOL_CONVERSION = YES;
				CLANG_WARN_COMMA = YES;
				CLANG_WARN_CONSTANT_CONVERSION = YES;
				CLANG_WARN_DEPRECATED_OBJC_IMPLEMENTATIONS = YES;
				CLANG_WARN_DIRECT_OBJC_ISA_USAGE = YES_ERROR;
				CLANG_WARN_DOCUMENTATION_COMMENTS = YES;
				CLANG_WARN_EMPTY_BODY = YES;
				CLANG_WARN_ENUM_CONVERSION = YES;
				CLANG_WARN_INFINITE_RECURSION = YES;
				CLANG_WARN_INT_CONVERSION = YES;
				CLANG_WARN_NON_LITERAL_NULL_CONVERSION = YES;
				CLANG_WARN_OBJC_IMPLICIT_RETAIN_SELF = YES;
				CLANG_WARN_OBJC_LITERAL_CONVERSION = YES;
				CLANG_WARN_OBJC_ROOT_CLASS = YES_ERROR;
				CLANG_WARN_QUOTED_INCLUDE_IN_FRAMEWORK_HEADER = YES;
				CLANG_WARN_RANGE_LOOP_ANALYSIS = YES;
				CLANG_WARN_STRICT_PROTOTYPES = YES;
				CLANG_WARN_SUSPICIOUS_MOVE = YES;
				CLANG_WARN_UNGUARDED_AVAILABILITY = YES_AGGRESSIVE;
				CLANG_WARN_UNREACHABLE_CODE = YES;
				CLANG_WARN__DUPLICATE_METHOD_MATCH = YES;
				COPY_PHASE_STRIP = NO;
				DEBUG_INFORMATION_FORMAT = "dwarf-with-dsym";
				ENABLE_NS_ASSERTIONS = NO;
				ENABLE_STRICT_OBJC_MSGSEND = YES;
				GCC_C_LANGUAGE_STANDARD = gnu11;
				GCC_NO_COMMON_BLOCKS = YES;
				GCC_WARN_64_TO_32_BIT_CONVERSION = YES;
				GCC_WARN_ABOUT_RETURN_TYPE = YES_ERROR;
				GCC_WARN_UNDECLARED_SELECTOR = YES;
				GCC_WARN_UNINITIALIZED_AUTOS = YES_AGGRESSIVE;
				GCC_WARN_UNUSED_FUNCTION = YES;
				GCC_WARN_UNUSED_VARIABLE = YES;
				IPHONEOS_DEPLOYMENT_TARGET = 16.1;
				MTL_ENABLE_DEBUG_INFO = NO;
				MTL_FAST_MATH = YES;
				SDKROOT = iphoneos;
				SWIFT_COMPILATION_MODE = wholemodule;
				SWIFT_OPTIMIZATION_LEVEL = "-O";
				VALIDATE_PRODUCT = YES;
			};
			name = Release;
		};
		DDBF3E40293A73AC0084A8F0 /* Debug */ = {
			isa = XCBuildConfiguration;
			buildSettings = {
				ASSETCATALOG_COMPILER_APPICON_NAME = AppIcon;
				ASSETCATALOG_COMPILER_GLOBAL_ACCENT_COLOR_NAME = AccentColor;
				CODE_SIGN_STYLE = Automatic;
				CURRENT_PROJECT_VERSION = 1;
				GENERATE_INFOPLIST_FILE = YES;
				INFOPLIST_FILE = homework11/Info.plist;
				INFOPLIST_KEY_UIApplicationSupportsIndirectInputEvents = YES;
				INFOPLIST_KEY_UILaunchStoryboardName = LaunchScreen;
				INFOPLIST_KEY_UIMainStoryboardFile = Main;
				INFOPLIST_KEY_UISupportedInterfaceOrientations_iPad = "UIInterfaceOrientationPortrait UIInterfaceOrientationPortraitUpsideDown UIInterfaceOrientationLandscapeLeft UIInterfaceOrientationLandscapeRight";
				INFOPLIST_KEY_UISupportedInterfaceOrientations_iPhone = "UIInterfaceOrientationPortrait UIInterfaceOrientationLandscapeLeft UIInterfaceOrientationLandscapeRight";
				LD_RUNPATH_SEARCH_PATHS = (
					"$(inherited)",
					"@executable_path/Frameworks",
				);
				MARKETING_VERSION = 1.0;
				PRODUCT_BUNDLE_IDENTIFIER = com.rustamshayk.homework11;
				PRODUCT_NAME = "$(TARGET_NAME)";
				SWIFT_EMIT_LOC_STRINGS = YES;
				SWIFT_VERSION = 5.0;
				TARGETED_DEVICE_FAMILY = "1,2";
			};
			name = Debug;
		};
		DDBF3E41293A73AC0084A8F0 /* Release */ = {
			isa = XCBuildConfiguration;
			buildSettings = {
				ASSETCATALOG_COMPILER_APPICON_NAME = AppIcon;
				ASSETCATALOG_COMPILER_GLOBAL_ACCENT_COLOR_NAME = AccentColor;
				CODE_SIGN_STYLE = Automatic;
				CURRENT_PROJECT_VERSION = 1;
				GENERATE_INFOPLIST_FILE = YES;
				INFOPLIST_FILE = homework11/Info.plist;
				INFOPLIST_KEY_UIApplicationSupportsIndirectInputEvents = YES;
				INFOPLIST_KEY_UILaunchStoryboardName = LaunchScreen;
				INFOPLIST_KEY_UIMainStoryboardFile = Main;
				INFOPLIST_KEY_UISupportedInterfaceOrientations_iPad = "UIInterfaceOrientationPortrait UIInterfaceOrientationPortraitUpsideDown UIInterfaceOrientationLandscapeLeft UIInterfaceOrientationLandscapeRight";
				INFOPLIST_KEY_UISupportedInterfaceOrientations_iPhone = "UIInterfaceOrientationPortrait UIInterfaceOrientationLandscapeLeft UIInterfaceOrientationLandscapeRight";
				LD_RUNPATH_SEARCH_PATHS = (
					"$(inherited)",
					"@executable_path/Frameworks",
				);
				MARKETING_VERSION = 1.0;
				PRODUCT_BUNDLE_IDENTIFIER = com.rustamshayk.homework11;
				PRODUCT_NAME = "$(TARGET_NAME)";
				SWIFT_EMIT_LOC_STRINGS = YES;
				SWIFT_VERSION = 5.0;
				TARGETED_DEVICE_FAMILY = "1,2";
			};
			name = Release;
		};
/* End XCBuildConfiguration section */

/* Begin XCConfigurationList section */
		DDBF3E26293A73AA0084A8F0 /* Build configuration list for PBXProject "homework11" */ = {
			isa = XCConfigurationList;
			buildConfigurations = (
				DDBF3E3D293A73AC0084A8F0 /* Debug */,
				DDBF3E3E293A73AC0084A8F0 /* Release */,
			);
			defaultConfigurationIsVisible = 0;
			defaultConfigurationName = Release;
		};
		DDBF3E3F293A73AC0084A8F0 /* Build configuration list for PBXNativeTarget "homework11" */ = {
			isa = XCConfigurationList;
			buildConfigurations = (
				DDBF3E40293A73AC0084A8F0 /* Debug */,
				DDBF3E41293A73AC0084A8F0 /* Release */,
			);
			defaultConfigurationIsVisible = 0;
			defaultConfigurationName = Release;
		};
/* End XCConfigurationList section */
	};
	rootObject = DDBF3E23293A73AA0084A8F0 /* Project object */;
}
